
Microsoft Visual Studio Solution File, Format Version 12.00
# Visual Studio Version 16
VisualStudioVersion = 16.0.31624.102
MinimumVisualStudioVersion = 10.0.40219.1
Project("{9A19103F-16F7-4668-BE54-9A1E7A4F7556}") = "CoreTrainings2021", "CoreTrainings2021\CoreTrainings2021.csproj", "{2985916A-E115-4769-B453-F8CF6181A092}"
EndProject
Global
	GlobalSection(SolutionConfigurationPlatforms) = preSolution
		Debug|Any CPU = Debug|Any CPU
		Release|Any CPU = Release|Any CPU
	EndGlobalSection
	GlobalSection(ProjectConfigurationPlatforms) = postSolution
		{2985916A-E115-4769-B453-F8CF6181A092}.Debug|Any CPU.ActiveCfg = Debug|Any CPU
		{2985916A-E115-4769-B453-F8CF6181A092}.Debug|Any CPU.Build.0 = Debug|Any CPU
		{2985916A-E115-4769-B453-F8CF6181A092}.Release|Any CPU.ActiveCfg = Release|Any CPU
		{2985916A-E115-4769-B453-F8CF6181A092}.Release|Any CPU.Build.0 = Release|Any CPU
	EndGlobalSection
	GlobalSection(SolutionProperties) = preSolution
		HideSolutionNode = FALSE
	EndGlobalSection
	GlobalSection(ExtensibilityGlobals) = postSolution
		SolutionGuid = {D12DA0C4-D97C-4B91-A850-042819199084}
	EndGlobalSection
EndGlobal
